// !$*UTF8*$!
{
	archiveVersion = 1;
	classes = {
	};
	objectVersion = 56;
	objects = {

/* Begin PBXBuildFile section */
		F901E3EB2979F73D00532553 /* CodeTextView.swift in Sources */ = {isa = PBXBuildFile; fileRef = F901E3EA2979F73D00532553 /* CodeTextView.swift */; };
		F978E9F9295247D200B7C309 /* LearningAppCWC.swift in Sources */ = {isa = PBXBuildFile; fileRef = F978E9F8295247D200B7C309 /* LearningAppCWC.swift */; };
		F978E9FB295247D200B7C309 /* HomeView.swift in Sources */ = {isa = PBXBuildFile; fileRef = F978E9FA295247D200B7C309 /* HomeView.swift */; };
		F978E9FD295247D400B7C309 /* Assets.xcassets in Resources */ = {isa = PBXBuildFile; fileRef = F978E9FC295247D400B7C309 /* Assets.xcassets */; };
		F978EA00295247D400B7C309 /* Preview Assets.xcassets in Resources */ = {isa = PBXBuildFile; fileRef = F978E9FF295247D400B7C309 /* Preview Assets.xcassets */; };
		F978EA0C2952653A00B7C309 /* ContentModel.swift in Sources */ = {isa = PBXBuildFile; fileRef = F978EA0B2952653A00B7C309 /* ContentModel.swift */; };
		F978EA0F295266EE00B7C309 /* style.html in Resources */ = {isa = PBXBuildFile; fileRef = F978EA0D295266EE00B7C309 /* style.html */; };
		F978EA10295266EE00B7C309 /* data.json in Resources */ = {isa = PBXBuildFile; fileRef = F978EA0E295266EE00B7C309 /* data.json */; };
		F978EA12295269EB00B7C309 /* Models.swift in Sources */ = {isa = PBXBuildFile; fileRef = F978EA11295269EB00B7C309 /* Models.swift */; };
		F978EA1429526C9A00B7C309 /* DataService.swift in Sources */ = {isa = PBXBuildFile; fileRef = F978EA1329526C9A00B7C309 /* DataService.swift */; };
		F9B15DCC29775D7A0090895C /* ContentDetailView.swift in Sources */ = {isa = PBXBuildFile; fileRef = F9B15DCB29775D7A0090895C /* ContentDetailView.swift */; };
		F9B15DCF2977629A0090895C /* AVKit.framework in Frameworks */ = {isa = PBXBuildFile; fileRef = F9B15DCE2977629A0090895C /* AVKit.framework */; };
		F9B15DD1297763B50090895C /* Constants.swift in Sources */ = {isa = PBXBuildFile; fileRef = F9B15DD0297763B50090895C /* Constants.swift */; };
		F9B6171C2970995200011207 /* HomeViewRow.swift in Sources */ = {isa = PBXBuildFile; fileRef = F9B6171B2970995200011207 /* HomeViewRow.swift */; };
		F9D05D0A297606ED00CA4480 /* ContentView.swift in Sources */ = {isa = PBXBuildFile; fileRef = F9D05D09297606ED00CA4480 /* ContentView.swift */; };
		F9D05D0C29760F0500CA4480 /* ContentViewRow.swift in Sources */ = {isa = PBXBuildFile; fileRef = F9D05D0B29760F0500CA4480 /* ContentViewRow.swift */; };
/* End PBXBuildFile section */

/* Begin PBXFileReference section */
		F901E3EA2979F73D00532553 /* CodeTextView.swift */ = {isa = PBXFileReference; lastKnownFileType = sourcecode.swift; path = CodeTextView.swift; sourceTree = "<group>"; };
		F978E9F5295247D200B7C309 /* LearningAppCWC.app */ = {isa = PBXFileReference; explicitFileType = wrapper.application; includeInIndex = 0; path = LearningAppCWC.app; sourceTree = BUILT_PRODUCTS_DIR; };
		F978E9F8295247D200B7C309 /* LearningAppCWC.swift */ = {isa = PBXFileReference; lastKnownFileType = sourcecode.swift; path = LearningAppCWC.swift; sourceTree = "<group>"; };
		F978E9FA295247D200B7C309 /* HomeView.swift */ = {isa = PBXFileReference; lastKnownFileType = sourcecode.swift; path = HomeView.swift; sourceTree = "<group>"; };
		F978E9FC295247D400B7C309 /* Assets.xcassets */ = {isa = PBXFileReference; lastKnownFileType = folder.assetcatalog; path = Assets.xcassets; sourceTree = "<group>"; };
		F978E9FF295247D400B7C309 /* Preview Assets.xcassets */ = {isa = PBXFileReference; lastKnownFileType = folder.assetcatalog; path = "Preview Assets.xcassets"; sourceTree = "<group>"; };
		F978EA0B2952653A00B7C309 /* ContentModel.swift */ = {isa = PBXFileReference; lastKnownFileType = sourcecode.swift; path = ContentModel.swift; sourceTree = "<group>"; };
		F978EA0D295266EE00B7C309 /* style.html */ = {isa = PBXFileReference; fileEncoding = 4; lastKnownFileType = text.html; path = style.html; sourceTree = "<group>"; };
		F978EA0E295266EE00B7C309 /* data.json */ = {isa = PBXFileReference; fileEncoding = 4; lastKnownFileType = text.json; path = data.json; sourceTree = "<group>"; };
		F978EA11295269EB00B7C309 /* Models.swift */ = {isa = PBXFileReference; lastKnownFileType = sourcecode.swift; path = Models.swift; sourceTree = "<group>"; };
		F978EA1329526C9A00B7C309 /* DataService.swift */ = {isa = PBXFileReference; lastKnownFileType = sourcecode.swift; path = DataService.swift; sourceTree = "<group>"; };
		F9B15DCB29775D7A0090895C /* ContentDetailView.swift */ = {isa = PBXFileReference; lastKnownFileType = sourcecode.swift; path = ContentDetailView.swift; sourceTree = "<group>"; };
		F9B15DCE2977629A0090895C /* AVKit.framework */ = {isa = PBXFileReference; lastKnownFileType = wrapper.framework; name = AVKit.framework; path = System/Library/Frameworks/AVKit.framework; sourceTree = SDKROOT; };
		F9B15DD0297763B50090895C /* Constants.swift */ = {isa = PBXFileReference; lastKnownFileType = sourcecode.swift; path = Constants.swift; sourceTree = "<group>"; };
		F9B6171B2970995200011207 /* HomeViewRow.swift */ = {isa = PBXFileReference; lastKnownFileType = sourcecode.swift; path = HomeViewRow.swift; sourceTree = "<group>"; };
		F9D05D09297606ED00CA4480 /* ContentView.swift */ = {isa = PBXFileReference; lastKnownFileType = sourcecode.swift; path = ContentView.swift; sourceTree = "<group>"; };
		F9D05D0B29760F0500CA4480 /* ContentViewRow.swift */ = {isa = PBXFileReference; lastKnownFileType = sourcecode.swift; path = ContentViewRow.swift; sourceTree = "<group>"; };
/* End PBXFileReference section */

/* Begin PBXFrameworksBuildPhase section */
		F978E9F2295247D200B7C309 /* Frameworks */ = {
			isa = PBXFrameworksBuildPhase;
			buildActionMask = 2147483647;
			files = (
				F9B15DCF2977629A0090895C /* AVKit.framework in Frameworks */,
			);
			runOnlyForDeploymentPostprocessing = 0;
		};
/* End PBXFrameworksBuildPhase section */

/* Begin PBXGroup section */
		F978E9EC295247D200B7C309 = {
			isa = PBXGroup;
			children = (
				F978E9F7295247D200B7C309 /* LearningAppCWC */,
				F978E9F6295247D200B7C309 /* Products */,
				F9B15DCD297762990090895C /* Frameworks */,
			);
			sourceTree = "<group>";
		};
		F978E9F6295247D200B7C309 /* Products */ = {
			isa = PBXGroup;
			children = (
				F978E9F5295247D200B7C309 /* LearningAppCWC.app */,
			);
			name = Products;
			sourceTree = "<group>";
		};
		F978E9F7295247D200B7C309 /* LearningAppCWC */ = {
			isa = PBXGroup;
			children = (
				F978E9F8295247D200B7C309 /* LearningAppCWC.swift */,
				F978EA06295262ED00B7C309 /* Views */,
				F978EA07295262F900B7C309 /* ViewModels */,
				F978EA082952630400B7C309 /* Models */,
				F978EA0A2952651000B7C309 /* Helpers */,
				F978EA092952650A00B7C309 /* Resources */,
				F978E9FC295247D400B7C309 /* Assets.xcassets */,
				F978E9FE295247D400B7C309 /* Preview Content */,
			);
			path = LearningAppCWC;
			sourceTree = "<group>";
		};
		F978E9FE295247D400B7C309 /* Preview Content */ = {
			isa = PBXGroup;
			children = (
				F978E9FF295247D400B7C309 /* Preview Assets.xcassets */,
			);
			path = "Preview Content";
			sourceTree = "<group>";
		};
		F978EA06295262ED00B7C309 /* Views */ = {
			isa = PBXGroup;
			children = (
				F978E9FA295247D200B7C309 /* HomeView.swift */,
				F9B6171B2970995200011207 /* HomeViewRow.swift */,
				F9D05D09297606ED00CA4480 /* ContentView.swift */,
				F9D05D0B29760F0500CA4480 /* ContentViewRow.swift */,
				F9B15DCB29775D7A0090895C /* ContentDetailView.swift */,
				F901E3EA2979F73D00532553 /* CodeTextView.swift */,
			);
			path = Views;
			sourceTree = "<group>";
		};
		F978EA07295262F900B7C309 /* ViewModels */ = {
			isa = PBXGroup;
			children = (
				F978EA0B2952653A00B7C309 /* ContentModel.swift */,
			);
			path = ViewModels;
			sourceTree = "<group>";
		};
		F978EA082952630400B7C309 /* Models */ = {
			isa = PBXGroup;
			children = (
				F978EA11295269EB00B7C309 /* Models.swift */,
			);
			path = Models;
			sourceTree = "<group>";
		};
		F978EA092952650A00B7C309 /* Resources */ = {
			isa = PBXGroup;
			children = (
				F978EA0E295266EE00B7C309 /* data.json */,
				F978EA0D295266EE00B7C309 /* style.html */,
				F9B15DD0297763B50090895C /* Constants.swift */,
			);
			path = Resources;
			sourceTree = "<group>";
		};
		F978EA0A2952651000B7C309 /* Helpers */ = {
			isa = PBXGroup;
			children = (
				F978EA1329526C9A00B7C309 /* DataService.swift */,
			);
			path = Helpers;
			sourceTree = "<group>";
		};
		F9B15DCD297762990090895C /* Frameworks */ = {
			isa = PBXGroup;
			children = (
				F9B15DCE2977629A0090895C /* AVKit.framework */,
			);
			name = Frameworks;
			sourceTree = "<group>";
		};
/* End PBXGroup section */

/* Begin PBXNativeTarget section */
		F978E9F4295247D200B7C309 /* LearningAppCWC */ = {
			isa = PBXNativeTarget;
			buildConfigurationList = F978EA03295247D400B7C309 /* Build configuration list for PBXNativeTarget "LearningAppCWC" */;
			buildPhases = (
				F978E9F1295247D200B7C309 /* Sources */,
				F978E9F2295247D200B7C309 /* Frameworks */,
				F978E9F3295247D200B7C309 /* Resources */,
			);
			buildRules = (
			);
			dependencies = (
			);
			name = LearningAppCWC;
			productName = LearningAppCWC;
			productReference = F978E9F5295247D200B7C309 /* LearningAppCWC.app */;
			productType = "com.apple.product-type.application";
		};
/* End PBXNativeTarget section */

/* Begin PBXProject section */
		F978E9ED295247D200B7C309 /* Project object */ = {
			isa = PBXProject;
			attributes = {
				BuildIndependentTargetsInParallel = 1;
				LastSwiftUpdateCheck = 1420;
				LastUpgradeCheck = 1420;
				TargetAttributes = {
					F978E9F4295247D200B7C309 = {
						CreatedOnToolsVersion = 14.2;
					};
				};
			};
			buildConfigurationList = F978E9F0295247D200B7C309 /* Build configuration list for PBXProject "LearningAppCWC" */;
			compatibilityVersion = "Xcode 14.0";
			developmentRegion = en;
			hasScannedForEncodings = 0;
			knownRegions = (
				en,
				Base,
			);
			mainGroup = F978E9EC295247D200B7C309;
			productRefGroup = F978E9F6295247D200B7C309 /* Products */;
			projectDirPath = "";
			projectRoot = "";
			targets = (
				F978E9F4295247D200B7C309 /* LearningAppCWC */,
			);
		};
/* End PBXProject section */

/* Begin PBXResourcesBuildPhase section */
		F978E9F3295247D200B7C309 /* Resources */ = {
			isa = PBXResourcesBuildPhase;
			buildActionMask = 2147483647;
			files = (
				F978EA0F295266EE00B7C309 /* style.html in Resources */,
				F978EA00295247D400B7C309 /* Preview Assets.xcassets in Resources */,
				F978E9FD295247D400B7C309 /* Assets.xcassets in Resources */,
				F978EA10295266EE00B7C309 /* data.json in Resources */,
			);
			runOnlyForDeploymentPostprocessing = 0;
		};
/* End PBXResourcesBuildPhase section */

/* Begin PBXSourcesBuildPhase section */
		F978E9F1295247D200B7C309 /* Sources */ = {
			isa = PBXSourcesBuildPhase;
			buildActionMask = 2147483647;
			files = (
				F978E9FB295247D200B7C309 /* HomeView.swift in Sources */,
				F978E9F9295247D200B7C309 /* LearningAppCWC.swift in Sources */,
				F9D05D0A297606ED00CA4480 /* ContentView.swift in Sources */,
				F978EA0C2952653A00B7C309 /* ContentModel.swift in Sources */,
				F9B15DCC29775D7A0090895C /* ContentDetailView.swift in Sources */,
				F9B15DD1297763B50090895C /* Constants.swift in Sources */,
				F978EA12295269EB00B7C309 /* Models.swift in Sources */,
				F9D05D0C29760F0500CA4480 /* ContentViewRow.swift in Sources */,
				F9B6171C2970995200011207 /* HomeViewRow.swift in Sources */,
				F978EA1429526C9A00B7C309 /* DataService.swift in Sources */,
				F901E3EB2979F73D00532553 /* CodeTextView.swift in Sources */,
			);
			runOnlyForDeploymentPostprocessing = 0;
		};
/* End PBXSourcesBuildPhase section */

/* Begin XCBuildConfiguration section */
		F978EA01295247D400B7C309 /* Debug */ = {
			isa = XCBuildConfiguration;
			buildSettings = {
				ALWAYS_SEARCH_USER_PATHS = NO;
				CLANG_ANALYZER_NONNULL = YES;
				CLANG_ANALYZER_NUMBER_OBJECT_CONVERSION = YES_AGGRESSIVE;
				CLANG_CXX_LANGUAGE_STANDARD = "gnu++20";
				CLANG_ENABLE_MODULES = YES;
				CLANG_ENABLE_OBJC_ARC = YES;
				CLANG_ENABLE_OBJC_WEAK = YES;
				CLANG_WARN_BLOCK_CAPTURE_AUTORELEASING = YES;
				CLANG_WARN_BOOL_CONVERSION = YES;
				CLANG_WARN_COMMA = YES;
				CLANG_WARN_CONSTANT_CONVERSION = YES;
				CLANG_WARN_DEPRECATED_OBJC_IMPLEMENTATIONS = YES;
				CLANG_WARN_DIRECT_OBJC_ISA_USAGE = YES_ERROR;
				CLANG_WARN_DOCUMENTATION_COMMENTS = YES;
				CLANG_WARN_EMPTY_BODY = YES;
				CLANG_WARN_ENUM_CONVERSION = YES;
				CLANG_WARN_INFINITE_RECURSION = YES;
				CLANG_WARN_INT_CONVERSION = YES;
				CLANG_WARN_NON_LITERAL_NULL_CONVERSION = YES;
				CLANG_WARN_OBJC_IMPLICIT_RETAIN_SELF = YES;
				CLANG_WARN_OBJC_LITERAL_CONVERSION = YES;
				CLANG_WARN_OBJC_ROOT_CLASS = YES_ERROR;
				CLANG_WARN_QUOTED_INCLUDE_IN_FRAMEWORK_HEADER = YES;
				CLANG_WARN_RANGE_LOOP_ANALYSIS = YES;
				CLANG_WARN_STRICT_PROTOTYPES = YES;
				CLANG_WARN_SUSPICIOUS_MOVE = YES;
				CLANG_WARN_UNGUARDED_AVAILABILITY = YES_AGGRESSIVE;
				CLANG_WARN_UNREACHABLE_CODE = YES;
				CLANG_WARN__DUPLICATE_METHOD_MATCH = YES;
				COPY_PHASE_STRIP = NO;
				DEBUG_INFORMATION_FORMAT = dwarf;
				ENABLE_STRICT_OBJC_MSGSEND = YES;
				ENABLE_TESTABILITY = YES;
				GCC_C_LANGUAGE_STANDARD = gnu11;
				GCC_DYNAMIC_NO_PIC = NO;
				GCC_NO_COMMON_BLOCKS = YES;
				GCC_OPTIMIZATION_LEVEL = 0;
				GCC_PREPROCESSOR_DEFINITIONS = (
					"DEBUG=1",
					"$(inherited)",
				);
				GCC_WARN_64_TO_32_BIT_CONVERSION = YES;
				GCC_WARN_ABOUT_RETURN_TYPE = YES_ERROR;
				GCC_WARN_UNDECLARED_SELECTOR = YES;
				GCC_WARN_UNINITIALIZED_AUTOS = YES_AGGRESSIVE;
				GCC_WARN_UNUSED_FUNCTION = YES;
				GCC_WARN_UNUSED_VARIABLE = YES;
				IPHONEOS_DEPLOYMENT_TARGET = 16.2;
				MTL_ENABLE_DEBUG_INFO = INCLUDE_SOURCE;
				MTL_FAST_MATH = YES;
				ONLY_ACTIVE_ARCH = YES;
				SDKROOT = iphoneos;
				SWIFT_ACTIVE_COMPILATION_CONDITIONS = DEBUG;
				SWIFT_OPTIMIZATION_LEVEL = "-Onone";
			};
			name = Debug;
		};
		F978EA02295247D400B7C309 /* Release */ = {
			isa = XCBuildConfiguration;
			buildSettings = {
				ALWAYS_SEARCH_USER_PATHS = NO;
				CLANG_ANALYZER_NONNULL = YES;
				CLANG_ANALYZER_NUMBER_OBJECT_CONVERSION = YES_AGGRESSIVE;
				CLANG_CXX_LANGUAGE_STANDARD = "gnu++20";
				CLANG_ENABLE_MODULES = YES;
				CLANG_ENABLE_OBJC_ARC = YES;
				CLANG_ENABLE_OBJC_WEAK = YES;
				CLANG_WARN_BLOCK_CAPTURE_AUTORELEASING = YES;
				CLANG_WARN_BOOL_CONVERSION = YES;
				CLANG_WARN_COMMA = YES;
				CLANG_WARN_CONSTANT_CONVERSION = YES;
				CLANG_WARN_DEPRECATED_OBJC_IMPLEMENTATIONS = YES;
				CLANG_WARN_DIRECT_OBJC_ISA_USAGE = YES_ERROR;
				CLANG_WARN_DOCUMENTATION_COMMENTS = YES;
				CLANG_WARN_EMPTY_BODY = YES;
				CLANG_WARN_ENUM_CONVERSION = YES;
				CLANG_WARN_INFINITE_RECURSION = YES;
				CLANG_WARN_INT_CONVERSION = YES;
				CLANG_WARN_NON_LITERAL_NULL_CONVERSION = YES;
				CLANG_WARN_OBJC_IMPLICIT_RETAIN_SELF = YES;
				CLANG_WARN_OBJC_LITERAL_CONVERSION = YES;
				CLANG_WARN_OBJC_ROOT_CLASS = YES_ERROR;
				CLANG_WARN_QUOTED_INCLUDE_IN_FRAMEWORK_HEADER = YES;
				CLANG_WARN_RANGE_LOOP_ANALYSIS = YES;
				CLANG_WARN_STRICT_PROTOTYPES = YES;
				CLANG_WARN_SUSPICIOUS_MOVE = YES;
				CLANG_WARN_UNGUARDED_AVAILABILITY = YES_AGGRESSIVE;
				CLANG_WARN_UNREACHABLE_CODE = YES;
				CLANG_WARN__DUPLICATE_METHOD_MATCH = YES;
				COPY_PHASE_STRIP = NO;
				DEBUG_INFORMATION_FORMAT = "dwarf-with-dsym";
				ENABLE_NS_ASSERTIONS = NO;
				ENABLE_STRICT_OBJC_MSGSEND = YES;
				GCC_C_LANGUAGE_STANDARD = gnu11;
				GCC_NO_COMMON_BLOCKS = YES;
				GCC_WARN_64_TO_32_BIT_CONVERSION = YES;
				GCC_WARN_ABOUT_RETURN_TYPE = YES_ERROR;
				GCC_WARN_UNDECLARED_SELECTOR = YES;
				GCC_WARN_UNINITIALIZED_AUTOS = YES_AGGRESSIVE;
				GCC_WARN_UNUSED_FUNCTION = YES;
				GCC_WARN_UNUSED_VARIABLE = YES;
				IPHONEOS_DEPLOYMENT_TARGET = 16.2;
				MTL_ENABLE_DEBUG_INFO = NO;
				MTL_FAST_MATH = YES;
				SDKROOT = iphoneos;
				SWIFT_COMPILATION_MODE = wholemodule;
				SWIFT_OPTIMIZATION_LEVEL = "-O";
				VALIDATE_PRODUCT = YES;
			};
			name = Release;
		};
		F978EA04295247D400B7C309 /* Debug */ = {
			isa = XCBuildConfiguration;
			buildSettings = {
				ASSETCATALOG_COMPILER_APPICON_NAME = AppIcon;
				ASSETCATALOG_COMPILER_GLOBAL_ACCENT_COLOR_NAME = AccentColor;
				CODE_SIGN_STYLE = Automatic;
				CURRENT_PROJECT_VERSION = 1;
				DEVELOPMENT_ASSET_PATHS = "\"LearningAppCWC/Preview Content\"";
				ENABLE_PREVIEWS = YES;
				GENERATE_INFOPLIST_FILE = YES;
				INFOPLIST_KEY_UIApplicationSceneManifest_Generation = YES;
				INFOPLIST_KEY_UIApplicationSupportsIndirectInputEvents = YES;
				INFOPLIST_KEY_UILaunchScreen_Generation = YES;
				INFOPLIST_KEY_UISupportedInterfaceOrientations_iPad = "UIInterfaceOrientationPortrait UIInterfaceOrientationPortraitUpsideDown UIInterfaceOrientationLandscapeLeft UIInterfaceOrientationLandscapeRight";
				INFOPLIST_KEY_UISupportedInterfaceOrientations_iPhone = "UIInterfaceOrientationPortrait UIInterfaceOrientationLandscapeLeft UIInterfaceOrientationLandscapeRight";
				LD_RUNPATH_SEARCH_PATHS = (
					"$(inherited)",
					"@executable_path/Frameworks",
				);
				MARKETING_VERSION = 1.0;
				PRODUCT_BUNDLE_IDENTIFIER = xyz.rohitsingh.LearningAppCWC;
				PRODUCT_NAME = "$(TARGET_NAME)";
				SWIFT_EMIT_LOC_STRINGS = YES;
				SWIFT_VERSION = 5.0;
				TARGETED_DEVICE_FAMILY = "1,2";
			};
			name = Debug;
		};
		F978EA05295247D400B7C309 /* Release */ = {
			isa = XCBuildConfiguration;
			buildSettings = {
				ASSETCATALOG_COMPILER_APPICON_NAME = AppIcon;
				ASSETCATALOG_COMPILER_GLOBAL_ACCENT_COLOR_NAME = AccentColor;
				CODE_SIGN_STYLE = Automatic;
				CURRENT_PROJECT_VERSION = 1;
				DEVELOPMENT_ASSET_PATHS = "\"LearningAppCWC/Preview Content\"";
				ENABLE_PREVIEWS = YES;
				GENERATE_INFOPLIST_FILE = YES;
				INFOPLIST_KEY_UIApplicationSceneManifest_Generation = YES;
				INFOPLIST_KEY_UIApplicationSupportsIndirectInputEvents = YES;
				INFOPLIST_KEY_UILaunchScreen_Generation = YES;
				INFOPLIST_KEY_UISupportedInterfaceOrientations_iPad = "UIInterfaceOrientationPortrait UIInterfaceOrientationPortraitUpsideDown UIInterfaceOrientationLandscapeLeft UIInterfaceOrientationLandscapeRight";
				INFOPLIST_KEY_UISupportedInterfaceOrientations_iPhone = "UIInterfaceOrientationPortrait UIInterfaceOrientationLandscapeLeft UIInterfaceOrientationLandscapeRight";
				LD_RUNPATH_SEARCH_PATHS = (
					"$(inherited)",
					"@executable_path/Frameworks",
				);
				MARKETING_VERSION = 1.0;
				PRODUCT_BUNDLE_IDENTIFIER = xyz.rohitsingh.LearningAppCWC;
				PRODUCT_NAME = "$(TARGET_NAME)";
				SWIFT_EMIT_LOC_STRINGS = YES;
				SWIFT_VERSION = 5.0;
				TARGETED_DEVICE_FAMILY = "1,2";
			};
			name = Release;
		};
/* End XCBuildConfiguration section */

/* Begin XCConfigurationList section */
		F978E9F0295247D200B7C309 /* Build configuration list for PBXProject "LearningAppCWC" */ = {
			isa = XCConfigurationList;
			buildConfigurations = (
				F978EA01295247D400B7C309 /* Debug */,
				F978EA02295247D400B7C309 /* Release */,
			);
			defaultConfigurationIsVisible = 0;
			defaultConfigurationName = Release;
		};
		F978EA03295247D400B7C309 /* Build configuration list for PBXNativeTarget "LearningAppCWC" */ = {
			isa = XCConfigurationList;
			buildConfigurations = (
				F978EA04295247D400B7C309 /* Debug */,
				F978EA05295247D400B7C309 /* Release */,
			);
			defaultConfigurationIsVisible = 0;
			defaultConfigurationName = Release;
		};
/* End XCConfigurationList section */
	};
	rootObject = F978E9ED295247D200B7C309 /* Project object */;
}
